<?xml version="1.0" encoding="utf-8"?>
<Project ToolsVersion="4.0" xmlns="http://schemas.microsoft.com/developer/msbuild/2003">
  <ItemGroup>
    <ClCompile Include="src\ui\ask_dialog.cpp">
      <Filter>src\ui</Filter>
    </ClCompile>
    <ClCompile Include="src\utils\file_utils.cpp">
      <Filter>src\utils</Filter>
    </ClCompile>
    <ClCompile Include="src\core\imext_verifier.cpp">
      <Filter>src\core</Filter>
    </ClCompile>
    <ClCompile Include="src\main.cpp">
      <Filter>src</Filter>
    </ClCompile>
    <ClCompile Include="src\ui\main_window.cpp">
      <Filter>src\ui</Filter>
    </ClCompile>
    <ClCompile Include="src\utils\semver.c">
      <Filter>src\utils</Filter>
    </ClCompile>
    <ClCompile Include="src\utils\wildmatch.c">
      <Filter>src\utils</Filter>
    </ClCompile>
    <ClCompile Include="src\ui\font_resize_tool_dialog.cpp">
      <Filter>src\ui</Filter>
    </ClCompile>
    <ClCompile Include="src\core\font_resize_tool.cpp">
      <Filter>src\core</Filter>
    </ClCompile>
  </ItemGroup>
  <ItemGroup>
    <ClInclude Include="include\ui\ask_dialog.h">
      <Filter>include\ui</Filter>
    </ClInclude>
    <ClInclude Include="include\ui\color_button.h">
      <Filter>include\ui</Filter>
    </ClInclude>
    <ClInclude Include="include\utils\errors.h">
      <Filter>include\utils</Filter>
    </ClInclude>
    <ClInclude Include="include\ui\file_tree_view.h">
      <Filter>include\ui</Filter>
    </ClInclude>
    <ClInclude Include="include\utils\file_utils.h">
      <Filter>include\utils</Filter>
    </ClInclude>
    <ClInclude Include="include\i18n\i18n.h">
      <Filter>include\i18n</Filter>
    </ClInclude>
    <ClInclude Include="include\core\imext_verifier.h">
      <Filter>include\core</Filter>
    </ClInclude>
    <ClInclude Include="include\ui\main_window.h">
      <Filter>include\ui</Filter>
    </ClInclude>
    <ClInclude Include="res\resource.h">
      <Filter>res</Filter>
    </ClInclude>
    <ClInclude Include="include\core\rwr_config.h">
      <Filter>include\core</Filter>
    </ClInclude>
    <ClInclude Include="include\utils\semver.h">
      <Filter>include\utils</Filter>
    </ClInclude>
    <ClInclude Include="include\i18n\string_source.h">
      <Filter>include\i18n</Filter>
    </ClInclude>
    <ClInclude Include="include\utils\timestamp.h">
      <Filter>include\utils</Filter>
    </ClInclude>
    <ClInclude Include="include\utils\wildmatch.h">
      <Filter>include\utils</Filter>
    </ClInclude>
    <ClInclude Include="include\ui\font_resize_tool_dialog.h">
      <Filter>include\ui</Filter>
    </ClInclude>
    <ClInclude Include="include\ui\my_edit.h">
      <Filter>include\ui</Filter>
    </ClInclude>
    <ClInclude Include="include\ui\snap_track_bar.h">
      <Filter>include\ui</Filter>
    </ClInclude>
    <ClInclude Include="include\ui\common.h">
      <Filter>include\ui</Filter>
    </ClInclude>
    <ClInclude Include="include\libs\stb\stb_image.h">
      <Filter>include\libs\stb</Filter>
    </ClInclude>
    <ClInclude Include="include\libs\stb\stb_image_resize2.h">
      <Filter>include\libs\stb</Filter>
    </ClInclude>
    <ClInclude Include="include\libs\stb\stb_image_write.h">
      <Filter>include\libs\stb</Filter>
    </ClInclude>
    <ClInclude Include="include\core\font_resize_tool.h">
      <Filter>include\core</Filter>
    </ClInclude>
  </ItemGroup>
  <ItemGroup>
    <Filter Include="include">
      <UniqueIdentifier>{cc342de3-aa61-4905-90d9-87c008155fa3}</UniqueIdentifier>
    </Filter>
    <Filter Include="src">
      <UniqueIdentifier>{285da370-3bdc-47df-bad8-7751ca95d517}</UniqueIdentifier>
    </Filter>
    <Filter Include="res">
      <UniqueIdentifier>{dadeb13f-a6ef-4346-a107-0f1b9771fc9a}</UniqueIdentifier>
    </Filter>
    <Filter Include="include\core">
      <UniqueIdentifier>{8dec32e4-458c-4edf-b2ef-b98559268a22}</UniqueIdentifier>
    </Filter>
    <Filter Include="include\i18n">
      <UniqueIdentifier>{03c8bc8a-0f7f-4299-a8a5-81b7de378cf5}</UniqueIdentifier>
    </Filter>
    <Filter Include="include\ui">
      <UniqueIdentifier>{8c8416ba-bd60-496f-aeae-2805bbeed412}</UniqueIdentifier>
    </Filter>
    <Filter Include="include\utils">
      <UniqueIdentifier>{06ff975d-a8b2-44fb-872d-4b98b3875d4e}</UniqueIdentifier>
    </Filter>
    <Filter Include="src\core">
      <UniqueIdentifier>{c6072993-fac2-40af-8a76-a721f4336d68}</UniqueIdentifier>
    </Filter>
    <Filter Include="src\ui">
      <UniqueIdentifier>{15e2ae6f-65c6-4845-9f12-ecbdc98a2fc4}</UniqueIdentifier>
    </Filter>
    <Filter Include="src\utils">
      <UniqueIdentifier>{4eaf8a01-34b3-4405-bc71-70d1d5b09f33}</UniqueIdentifier>
    </Filter>
    <Filter Include="include\libs">
      <UniqueIdentifier>{6296007c-13ff-423c-94aa-a1e88e4fb9c6}</UniqueIdentifier>
    </Filter>
    <Filter Include="include\libs\stb">
      <UniqueIdentifier>{98e1fa57-d0be-4626-941d-d8d401d105d8}</UniqueIdentifier>
    </Filter>
  </ItemGroup>
  <ItemGroup>
    <Image Include="res\app.ico">
      <Filter>res</Filter>
    </Image>
  </ItemGroup>
  <ItemGroup>
    <ResourceCompile Include="res\resource.rc">
      <Filter>res</Filter>
    </ResourceCompile>
  </ItemGroup>
  <ItemGroup>
    <Manifest Include="res\app.manifest">
      <Filter>res</Filter>
    </Manifest>
  </ItemGroup>
</Project>